
Microsoft Visual Studio Solution File, Format Version 12.00
# Visual Studio Version 16
VisualStudioVersion = 16.0.28729.10
MinimumVisualStudioVersion = 10.0.40219.1
Project("{9A19103F-16F7-4668-BE54-9A1E7A4F7556}") = "SensorCloud", "SensorCloud\SensorCloud.csproj", "{5B81B72F-1445-4EBE-A359-55C3642CA8E6}"
	ProjectSection(ProjectDependencies) = postProject
		{1A3ECE68-FD13-4DB0-9133-FCB7EC243C5B} = {1A3ECE68-FD13-4DB0-9133-FCB7EC243C5B}
	EndProjectSection
EndProject
Project("{9A19103F-16F7-4668-BE54-9A1E7A4F7556}") = "JvcProjector", "JvcProjector\JvcProjector.csproj", "{9912F8E5-8E15-451A-99AC-C07AF63C1CEA}"
EndProject
Project("{9A19103F-16F7-4668-BE54-9A1E7A4F7556}") = "Onkyo", "Onkyo\Onkyo.csproj", "{ABDC2568-326B-43B2-82ED-189DA680FE9E}"
EndProject
Project("{2150E333-8FDC-42A3-9474-1A3956D46DE8}") = "Solution Items", "Solution Items", "{8CAA6D7C-A4DD-4C53-8329-E8114CF66A11}"
	ProjectSection(SolutionItems) = preProject
		appsettings.json = appsettings.json
		config.json = config.json
		eiscp-commands.json = eiscp-commands.json
	EndProjectSection
EndProject
Project("{9A19103F-16F7-4668-BE54-9A1E7A4F7556}") = "P1Meter", "P1Meter\P1Meter.csproj", "{8A3A90BE-B669-402D-B8FB-D8ABB6B46B9F}"
EndProject
Project("{9A19103F-16F7-4668-BE54-9A1E7A4F7556}") = "NNTP", "NNTP\NNTP.csproj", "{1037F737-AAED-4970-B448-C9DA3479BD2D}"
EndProject
Project("{9A19103F-16F7-4668-BE54-9A1E7A4F7556}") = "SpotNet", "SpotNet\SpotNet.csproj", "{1A3ECE68-FD13-4DB0-9133-FCB7EC243C5B}"
EndProject
Global
	GlobalSection(SolutionConfigurationPlatforms) = preSolution
		Debug|Any CPU = Debug|Any CPU
		Release|Any CPU = Release|Any CPU
	EndGlobalSection
	GlobalSection(ProjectConfigurationPlatforms) = postSolution
		{5B81B72F-1445-4EBE-A359-55C3642CA8E6}.Debug|Any CPU.ActiveCfg = Debug|Any CPU
		{5B81B72F-1445-4EBE-A359-55C3642CA8E6}.Debug|Any CPU.Build.0 = Debug|Any CPU
		{5B81B72F-1445-4EBE-A359-55C3642CA8E6}.Release|Any CPU.ActiveCfg = Release|Any CPU
		{5B81B72F-1445-4EBE-A359-55C3642CA8E6}.Release|Any CPU.Build.0 = Release|Any CPU
		{9912F8E5-8E15-451A-99AC-C07AF63C1CEA}.Debug|Any CPU.ActiveCfg = Debug|Any CPU
		{9912F8E5-8E15-451A-99AC-C07AF63C1CEA}.Debug|Any CPU.Build.0 = Debug|Any CPU
		{9912F8E5-8E15-451A-99AC-C07AF63C1CEA}.Release|Any CPU.ActiveCfg = Release|Any CPU
		{9912F8E5-8E15-451A-99AC-C07AF63C1CEA}.Release|Any CPU.Build.0 = Release|Any CPU
		{ABDC2568-326B-43B2-82ED-189DA680FE9E}.Debug|Any CPU.ActiveCfg = Debug|Any CPU
		{ABDC2568-326B-43B2-82ED-189DA680FE9E}.Debug|Any CPU.Build.0 = Debug|Any CPU
		{ABDC2568-326B-43B2-82ED-189DA680FE9E}.Release|Any CPU.ActiveCfg = Release|Any CPU
		{ABDC2568-326B-43B2-82ED-189DA680FE9E}.Release|Any CPU.Build.0 = Release|Any CPU
		{8A3A90BE-B669-402D-B8FB-D8ABB6B46B9F}.Debug|Any CPU.ActiveCfg = Debug|Any CPU
		{8A3A90BE-B669-402D-B8FB-D8ABB6B46B9F}.Debug|Any CPU.Build.0 = Debug|Any CPU
		{8A3A90BE-B669-402D-B8FB-D8ABB6B46B9F}.Release|Any CPU.ActiveCfg = Release|Any CPU
		{8A3A90BE-B669-402D-B8FB-D8ABB6B46B9F}.Release|Any CPU.Build.0 = Release|Any CPU
		{1037F737-AAED-4970-B448-C9DA3479BD2D}.Debug|Any CPU.ActiveCfg = Debug|Any CPU
		{1037F737-AAED-4970-B448-C9DA3479BD2D}.Debug|Any CPU.Build.0 = Debug|Any CPU
		{1037F737-AAED-4970-B448-C9DA3479BD2D}.Release|Any CPU.ActiveCfg = Release|Any CPU
		{1037F737-AAED-4970-B448-C9DA3479BD2D}.Release|Any CPU.Build.0 = Release|Any CPU
		{1A3ECE68-FD13-4DB0-9133-FCB7EC243C5B}.Debug|Any CPU.ActiveCfg = Debug|Any CPU
		{1A3ECE68-FD13-4DB0-9133-FCB7EC243C5B}.Debug|Any CPU.Build.0 = Debug|Any CPU
		{1A3ECE68-FD13-4DB0-9133-FCB7EC243C5B}.Release|Any CPU.ActiveCfg = Release|Any CPU
		{1A3ECE68-FD13-4DB0-9133-FCB7EC243C5B}.Release|Any CPU.Build.0 = Release|Any CPU
	EndGlobalSection
	GlobalSection(SolutionProperties) = preSolution
		HideSolutionNode = FALSE
	EndGlobalSection
	GlobalSection(ExtensibilityGlobals) = postSolution
		SolutionGuid = {7E1B20F1-0F69-4239-A1D9-5BA7891E45BC}
	EndGlobalSection
EndGlobal
